<?xml version="1.0" encoding="utf-8"?>
<Project ToolsVersion="4.0" xmlns="http://schemas.microsoft.com/developer/msbuild/2003">
  <ItemGroup>
    <Filter Include="Source Files">
      <UniqueIdentifier>{4FC737F1-C7A5-4376-A066-2A32D752A2FF}</UniqueIdentifier>
      <Extensions>cpp;c;cc;cxx;c++;cppm;ixx;def;odl;idl;hpj;bat;asm;asmx</Extensions>
    </Filter>
    <Filter Include="Header Files">
      <UniqueIdentifier>{93995380-89BD-4b04-88EB-625FBE52EBFB}</UniqueIdentifier>
      <Extensions>h;hh;hpp;hxx;h++;hm;inl;inc;ipp;xsd</Extensions>
    </Filter>
    <Filter Include="Resource Files">
      <UniqueIdentifier>{67DA6AB6-F800-4c08-8B7A-83BB121AAD01}</UniqueIdentifier>
      <Extensions>rc;ico;cur;bmp;dlg;rc2;rct;bin;rgs;gif;jpg;jpeg;jpe;resx;tiff;tif;png;wav;mfcribbon-ms</Extensions>
    </Filter>
  </ItemGroup>
  <ItemGroup>
    <ClCompile Include="src\mgf\Assets\MGFPlainText.cpp">
      <Filter>Source Files</Filter>
    </ClCompile>
    <ClCompile Include="src\mgf\Assets\MGFStringTable.cpp">
      <Filter>Source Files</Filter>
    </ClCompile>
    <ClCompile Include="src\mgf\MGFArchive.cpp">
      <Filter>Source Files</Filter>
    </ClCompile>
    <ClCompile Include="src\mgf\MGFFile.cpp">
      <Filter>Source Files</Filter>
    </ClCompile>
    <ClCompile Include="src\Main.cpp">
      <Filter>Source Files</Filter>
    </ClCompile>
    <ClCompile Include="src\mgf\Assets\MGFTexture.cpp">
      <Filter>Source Files</Filter>
    </ClCompile>
    <ClCompile Include="src\MGF\Assets\MGFModel.cpp">
      <Filter>Source Files</Filter>
    </ClCompile>
    <ClCompile Include="vendor\pugixml-1.10\src\pugixml.cpp">
      <Filter>Source Files</Filter>
    </ClCompile>
    <ClCompile Include="src\Utilities\configfile.cpp">
      <Filter>Source Files</Filter>
    </ClCompile>
    <ClCompile Include="src\Utilities\StateMachine\State.cpp">
      <Filter>Source Files</Filter>
    </ClCompile>
    <ClCompile Include="src\Utilities\StateMachine\StateGroup.cpp">
      <Filter>Source Files</Filter>
    </ClCompile>
    <ClCompile Include="vendor\s3tc\s3tc.cpp">
      <Filter>Source Files</Filter>
    </ClCompile>
    <ClCompile Include="src\MGF\Factories\ImageFactory.cpp">
      <Filter>Source Files</Filter>
    </ClCompile>
    <ClCompile Include="src\AssetExtractors\TextureExtractor\TextureExtractor.cpp">
      <Filter>Source Files</Filter>
    </ClCompile>
    <ClCompile Include="src\MGF\Assets\MGFAsset.cpp">
      <Filter>Source Files</Filter>
    </ClCompile>
    <ClCompile Include="src\AssetExtractors\ModelExtractor\ModelExtractor.cpp">
      <Filter>Source Files</Filter>
    </ClCompile>
    <ClCompile Include="src\MGFExplorerApplication.cpp">
      <Filter>Source Files</Filter>
    </ClCompile>
    <ClCompile Include="src\Render\TextureLibrary.cpp">
      <Filter>Source Files</Filter>
    </ClCompile>
    <ClCompile Include="src\MGF\Assets\Factories\MeshLibrary.cpp">
      <Filter>Source Files</Filter>
    </ClCompile>
    <ClCompile Include="src\MGF\Assets\Factories\ShaderProgramProvider.cpp">
      <Filter>Source Files</Filter>
    </ClCompile>
    <ClCompile Include="src\Render\MaterialParamReader.cpp">
      <Filter>Source Files</Filter>
    </ClCompile>
    <ClCompile Include="src\Render\MaterialFactory.cpp">
      <Filter>Source Files</Filter>
    </ClCompile>
    <ClCompile Include="src\Render\MaterialLibrary.cpp">
      <Filter>Source Files</Filter>
    </ClCompile>
    <ClCompile Include="src\MGF\Assets\MGFMap.cpp">
      <Filter>Source Files</Filter>
    </ClCompile>
    <ClCompile Include="src\MGF\Factories\MABinaryObjectParser.cpp">
      <Filter>Source Files</Filter>
    </ClCompile>
    <ClCompile Include="src\MGF\Factories\MAStrings.cpp">
      <Filter>Source Files</Filter>
    </ClCompile>
    <ClCompile Include="src\Widgets\ArchiveViewer\ContextMenus\FileMenu.cpp">
      <Filter>Source Files</Filter>
    </ClCompile>
    <ClCompile Include="src\Widgets\ArchiveViewer\ContextMenus\FolderMenu.cpp">
      <Filter>Source Files</Filter>
    </ClCompile>
    <ClCompile Include="src\Widgets\ArchiveViewer\ContextMenus\FolderRootMenu.cpp">
      <Filter>Source Files</Filter>
    </ClCompile>
    <ClCompile Include="src\Widgets\ArchiveViewer\ContextMenus\IContextMenu.cpp">
      <Filter>Source Files</Filter>
    </ClCompile>
    <ClCompile Include="src\Widgets\ArchiveViewer\ContextMenus\TextureFileMenu.cpp">
      <Filter>Source Files</Filter>
    </ClCompile>
    <ClCompile Include="src\Widgets\3DSceneWidget.cpp">
      <Filter>Source Files</Filter>
    </ClCompile>
    <ClCompile Include="src\Widgets\MapViewer\MapViewerWidget.cpp">
      <Filter>Source Files</Filter>
    </ClCompile>
    <ClCompile Include="src\Widgets\ModelViewer\Models\AnimationTableModel.cpp">
      <Filter>Source Files</Filter>
    </ClCompile>
    <ClCompile Include="src\Widgets\ModelViewer\Models\MaterialTableModel.cpp">
      <Filter>Source Files</Filter>
    </ClCompile>
    <ClCompile Include="src\Widgets\ModelViewer\Models\MeshTableModel.cpp">
      <Filter>Source Files</Filter>
    </ClCompile>
    <ClCompile Include="src\Widgets\ModelViewer\Models\NodeTreeModel.cpp">
      <Filter>Source Files</Filter>
    </ClCompile>
    <ClCompile Include="src\Widgets\ModelViewer\ModelViewerWidget.cpp">
      <Filter>Source Files</Filter>
    </ClCompile>
    <ClCompile Include="src\Widgets\PlainTextViewer\PlainTextViewerWidget.cpp">
      <Filter>Source Files</Filter>
    </ClCompile>
    <ClCompile Include="src\Widgets\StringTableViewer\Models\StringTableModel.cpp">
      <Filter>Source Files</Filter>
    </ClCompile>
    <ClCompile Include="src\Widgets\StringTableViewer\StringTableViewerWidget.cpp">
      <Filter>Source Files</Filter>
    </ClCompile>
    <ClCompile Include="src\Widgets\TextureViewer\Models\TextureDetailsTableModel.cpp">
      <Filter>Source Files</Filter>
    </ClCompile>
    <ClCompile Include="src\Windows\MainWindow\qrc_icon.cpp">
      <Filter>Source Files</Filter>
    </ClCompile>
    <ClCompile Include="src\Windows\FileExtractorWindow\Extractor.cpp">
      <Filter>Source Files</Filter>
    </ClCompile>
    <ClCompile Include="src\Windows\FileExtractorWindow\FileExtractorDialog.cpp">
      <Filter>Source Files</Filter>
    </ClCompile>
    <ClCompile Include="src\Windows\FileExtractorWindow\Models\FileExtractListModel.cpp">
      <Filter>Source Files</Filter>
    </ClCompile>
    <ClCompile Include="src\Windows\FileExtractorWindow\States\FileExtractorStateGroup.cpp">
      <Filter>Source Files</Filter>
    </ClCompile>
    <ClCompile Include="src\Windows\FileExtractorWindow\States\FinishedState.cpp">
      <Filter>Source Files</Filter>
    </ClCompile>
    <ClCompile Include="src\Windows\FileExtractorWindow\States\IdleState.cpp">
      <Filter>Source Files</Filter>
    </ClCompile>
    <ClCompile Include="src\Windows\FileExtractorWindow\States\ProgressState.cpp">
      <Filter>Source Files</Filter>
    </ClCompile>
    <ClCompile Include="src\Widgets\TextureViewer\TextureViewerWidget.cpp">
      <Filter>Source Files</Filter>
    </ClCompile>
    <ClCompile Include="src\Widgets\ArchiveViewer\ArchiveViewerWidget.cpp">
      <Filter>Source Files</Filter>
    </ClCompile>
    <ClCompile Include="src\Windows\MainWindow\MainWindow.cpp">
      <Filter>Source Files</Filter>
    </ClCompile>
  </ItemGroup>
  <ItemGroup>
    <ClInclude Include="src\mgf\Assets\MGFPlainText.h">
      <Filter>Header Files</Filter>
    </ClInclude>
    <ClInclude Include="src\mgf\Assets\MGFStringTable.h">
      <Filter>Header Files</Filter>
    </ClInclude>
    <ClInclude Include="src\mgf\MGFArchive.h">
      <Filter>Header Files</Filter>
    </ClInclude>
    <ClInclude Include="src\mgf\MGFFile.h">
      <Filter>Header Files</Filter>
    </ClInclude>
    <ClInclude Include="src\mgf\Assets\MGFTexture.h">
      <Filter>Header Files</Filter>
    </ClInclude>
    <ClInclude Include="src\mgf\Assets\MGFAsset.h">
      <Filter>Header Files</Filter>
    </ClInclude>
    <ClInclude Include="src\MGF\Structures\Common.h">
      <Filter>Header Files</Filter>
    </ClInclude>
    <ClInclude Include="src\MGF\Structures\Tif.h">
      <Filter>Header Files</Filter>
    </ClInclude>
    <ClInclude Include="src\MGF\Structures\MgText.h">
      <Filter>Header Files</Filter>
    </ClInclude>
    <ClInclude Include="src\MGF\Structures\mgf.h">
      <Filter>Header Files</Filter>
    </ClInclude>
    <ClInclude Include="src\mgf\Assets\Model\Animation.h">
      <Filter>Header Files</Filter>
    </ClInclude>
    <ClInclude Include="src\mgf\Assets\Model\Material.h">
      <Filter>Header Files</Filter>
    </ClInclude>
    <ClInclude Include="src\mgf\Assets\Model\Mesh.h">
      <Filter>Header Files</Filter>
    </ClInclude>
    <ClInclude Include="src\MGF\Assets\MGFModel.h">
      <Filter>Header Files</Filter>
    </ClInclude>
    <ClInclude Include="vendor\pugixml-1.10\src\pugixml.hpp">
      <Filter>Header Files</Filter>
    </ClInclude>
    <ClInclude Include="src\Utilities\configfile.h">
      <Filter>Header Files</Filter>
    </ClInclude>
    <ClInclude Include="src\Utilities\StateMachine\State.h">
      <Filter>Header Files</Filter>
    </ClInclude>
    <ClInclude Include="src\Utilities\StateMachine\StateGroup.h">
      <Filter>Header Files</Filter>
    </ClInclude>
    <ClInclude Include="vendor\s3tc\s3tc.h">
      <Filter>Header Files</Filter>
    </ClInclude>
    <ClInclude Include="src\MGF\Factories\ImageFactory.h">
      <Filter>Header Files</Filter>
    </ClInclude>
    <ClInclude Include="src\MGF\Structures\wdf.h">
      <Filter>Header Files</Filter>
    </ClInclude>
    <ClInclude Include="src\AssetExtractors\IAssetExtractor.h">
      <Filter>Header Files</Filter>
    </ClInclude>
    <ClInclude Include="src\AssetExtractors\TextureExtractor\TextureExtractor.h">
      <Filter>Header Files</Filter>
    </ClInclude>
    <ClInclude Include="src\AssetExtractors\ModelExtractor\ModelExtractor.h">
      <Filter>Header Files</Filter>
    </ClInclude>
    <ClInclude Include="src\MGF\Structures\geomVert.h">
      <Filter>Header Files</Filter>
    </ClInclude>
    <ClInclude Include="src\MGF\Deserializer.h">
      <Filter>Header Files</Filter>
    </ClInclude>
    <ClInclude Include="src\MGF\Structures\geomFace.h">
      <Filter>Header Files</Filter>
    </ClInclude>
    <ClInclude Include="src\MGF\Structures\geomVert.h">
      <Filter>Header Files</Filter>
    </ClInclude>
    <ClInclude Include="src\mgf\Assets\Model\Node.h">
      <Filter>Header Files</Filter>
    </ClInclude>
    <ClInclude Include="src\MGFExplorerApplication.h">
      <Filter>Header Files</Filter>
    </ClInclude>
    <ClInclude Include="src\MGF\Assets\Factories\EffectLibrary.h">
      <Filter>Header Files</Filter>
    </ClInclude>
    <ClInclude Include="src\Render\TextureLibrary.h">
      <Filter>Header Files</Filter>
    </ClInclude>
    <ClInclude Include="src\MGF\Assets\Factories\MeshLibrary.h">
      <Filter>Header Files</Filter>
    </ClInclude>
    <ClInclude Include="src\MGF\Assets\Factories\ShaderProgramProvider.h">
      <Filter>Header Files</Filter>
    </ClInclude>
    <ClInclude Include="src\Render\MaterialParamReader.h">
      <Filter>Header Files</Filter>
    </ClInclude>
    <ClInclude Include="src\Render\MaterialFactory.h">
      <Filter>Header Files</Filter>
    </ClInclude>
    <ClInclude Include="src\Render\MaterialLibrary.h">
      <Filter>Header Files</Filter>
    </ClInclude>
    <ClInclude Include="src\MGF\Assets\MGFMap.h">
      <Filter>Header Files</Filter>
    </ClInclude>
    <ClInclude Include="src\MGF\Factories\MABinaryObjectParser.h">
      <Filter>Header Files</Filter>
    </ClInclude>
    <ClInclude Include="src\MGF\Factories\MAStrings.h">
      <Filter>Header Files</Filter>
    </ClInclude>
    <ClInclude Include="src\Widgets\ArchiveViewer\ContextMenus\FileMenu.h">
      <Filter>Header Files</Filter>
    </ClInclude>
    <ClInclude Include="src\Widgets\ArchiveViewer\ContextMenus\FolderMenu.h">
      <Filter>Header Files</Filter>
    </ClInclude>
    <ClInclude Include="src\Widgets\ArchiveViewer\ContextMenus\FolderRootMenu.h">
      <Filter>Header Files</Filter>
    </ClInclude>
    <ClInclude Include="src\Widgets\ArchiveViewer\ContextMenus\IContextMenu.h">
      <Filter>Header Files</Filter>
    </ClInclude>
    <ClInclude Include="src\Widgets\ArchiveViewer\ContextMenus\TextureFileMenu.h">
      <Filter>Header Files</Filter>
    </ClInclude>
    <ClInclude Include="src\Widgets\3DSceneWidget.h">
      <Filter>Header Files</Filter>
    </ClInclude>
    <ClInclude Include="src\Widgets\IAssetViewerWidget.h">
      <Filter>Header Files</Filter>
    </ClInclude>
    <ClInclude Include="src\Widgets\MapViewer\MapViewerWidget.h">
      <Filter>Header Files</Filter>
    </ClInclude>
    <ClInclude Include="src\Widgets\ModelViewer\Models\AnimationTableModel.h">
      <Filter>Header Files</Filter>
    </ClInclude>
    <ClInclude Include="src\Widgets\ModelViewer\Models\MaterialTableModel.h">
      <Filter>Header Files</Filter>
    </ClInclude>
    <ClInclude Include="src\Widgets\ModelViewer\Models\MeshTableModel.h">
      <Filter>Header Files</Filter>
    </ClInclude>
    <ClInclude Include="src\Widgets\ModelViewer\Models\NodeTreeModel.h">
      <Filter>Header Files</Filter>
    </ClInclude>
    <ClInclude Include="src\Widgets\ModelViewer\ModelViewerWidget.h">
      <Filter>Header Files</Filter>
    </ClInclude>
    <ClInclude Include="src\Widgets\PlainTextViewer\PlainTextViewerWidget.h">
      <Filter>Header Files</Filter>
    </ClInclude>
    <ClInclude Include="src\Widgets\StringTableViewer\Models\StringTableModel.h">
      <Filter>Header Files</Filter>
    </ClInclude>
    <ClInclude Include="src\Widgets\StringTableViewer\StringTableViewerWidget.h">
      <Filter>Header Files</Filter>
    </ClInclude>
    <ClInclude Include="src\Widgets\TextureViewer\Models\TextureDetailsTableModel.h">
      <Filter>Header Files</Filter>
    </ClInclude>
    <ClInclude Include="src\Windows\FileExtractorWindow\Extractor.h">
      <Filter>Header Files</Filter>
    </ClInclude>
    <ClInclude Include="src\Windows\FileExtractorWindow\FileExtractorDialog.h">
      <Filter>Header Files</Filter>
    </ClInclude>
    <ClInclude Include="src\Windows\FileExtractorWindow\Models\FileExtractItem.h">
      <Filter>Header Files</Filter>
    </ClInclude>
    <ClInclude Include="src\Windows\FileExtractorWindow\Models\FileExtractListModel.h">
      <Filter>Header Files</Filter>
    </ClInclude>
    <ClInclude Include="src\Windows\FileExtractorWindow\States\FileExtractorStateBase.h">
      <Filter>Header Files</Filter>
    </ClInclude>
    <ClInclude Include="src\Windows\FileExtractorWindow\States\FileExtractorStateGroup.h">
      <Filter>Header Files</Filter>
    </ClInclude>
    <ClInclude Include="src\Windows\FileExtractorWindow\States\FinishedState.h">
      <Filter>Header Files</Filter>
    </ClInclude>
    <ClInclude Include="src\Windows\FileExtractorWindow\States\IdleState.h">
      <Filter>Header Files</Filter>
    </ClInclude>
    <ClInclude Include="src\Windows\FileExtractorWindow\States\ProgressState.h">
      <Filter>Header Files</Filter>
    </ClInclude>
    <ClInclude Include="src\Widgets\TextureViewer\TextureViewerWidget.h">
      <Filter>Header Files</Filter>
    </ClInclude>
    <ClInclude Include="src\Widgets\ArchiveViewer\ArchiveViewerWidget.h">
      <Filter>Header Files</Filter>
    </ClInclude>
    <ClInclude Include="src\Windows\MainWindow\MainWindow.h">
      <Filter>Header Files</Filter>
    </ClInclude>
    <ClInclude Include="src\Qt3DForwardDeclarations.h">
      <Filter>Header Files</Filter>
    </ClInclude>
  </ItemGroup>
  <ItemGroup>
    <None Include="MechAssault-MGF-Explorer.props" />
    <None Include="src\Widgets\ArchiveViewer\ArchiveViewerWidget.ui" />
    <None Include="src\Widgets\MapViewer\MapViewerWidget.ui" />
    <None Include="src\Widgets\ModelViewer\ModelViewerWidget.ui" />
    <None Include="src\Widgets\PlainTextViewer\PlainTextViewerWidget.ui" />
    <None Include="src\Widgets\TextureViewer\TextureViewerWidget.ui" />
    <None Include="src\Widgets\StringTableViewer\StringTableViewerWidget.ui" />
    <None Include="src\Windows\FileExtractorWindow\FileExtractorDialog.ui" />
    <None Include="src\Windows\MainWindow\MainWindow.ui" />
  </ItemGroup>
  <ItemGroup>
    <Image Include="res\madcat.ico">
      <Filter>Resource Files</Filter>
    </Image>
  </ItemGroup>
  <ItemGroup>
    <ResourceCompile Include="res\MechAssault-MGF-Explorer_resource.rc">
      <Filter>Resource Files</Filter>
    </ResourceCompile>
  </ItemGroup>
</Project>