<?xml version="1.0" encoding="utf-8"?>
<Project ToolsVersion="4.0" xmlns="http://schemas.microsoft.com/developer/msbuild/2003">
  <ItemGroup>
    <Filter Include="Source Files">
      <UniqueIdentifier>{4FC737F1-C7A5-4376-A066-2A32D752A2FF}</UniqueIdentifier>
      <Extensions>cpp;c;cc;cxx;def;odl;idl;hpj;bat;asm;asmx</Extensions>
    </Filter>
    <Filter Include="Header Files">
      <UniqueIdentifier>{93995380-89BD-4b04-88EB-625FBE52EBFB}</UniqueIdentifier>
      <Extensions>h;hh;hpp;hxx;hm;inl;inc;ipp;xsd</Extensions>
    </Filter>
    <Filter Include="Resource Files">
      <UniqueIdentifier>{67DA6AB6-F800-4c08-8B7A-83BB121AAD01}</UniqueIdentifier>
      <Extensions>rc;ico;cur;bmp;dlg;rc2;rct;bin;rgs;gif;jpg;jpeg;jpe;resx;tiff;tif;png;wav;mfcribbon-ms</Extensions>
    </Filter>
    <Filter Include="Qt Form Files">
      <UniqueIdentifier>{9b80978e-6b18-43e5-887a-17aeb470cc7e}</UniqueIdentifier>
    </Filter>
  </ItemGroup>
  <ItemGroup>
    <ClInclude Include="src\mgfresourcemanager.h">
      <Filter>Header Files</Filter>
    </ClInclude>
    <ClInclude Include="src\mgf\mgtexture.h">
      <Filter>Header Files</Filter>
    </ClInclude>
    <ClInclude Include="src\mgf\mgfarchive.h">
      <Filter>Header Files</Filter>
    </ClInclude>
    <ClInclude Include="src\mgf\mgftreeitem.h">
      <Filter>Header Files</Filter>
    </ClInclude>
    <ClInclude Include="src\mgf\mgmaterialfactory.h">
      <Filter>Header Files</Filter>
    </ClInclude>
    <ClInclude Include="src\mgf\mgmeshfactory.h">
      <Filter>Header Files</Filter>
    </ClInclude>
    <ClInclude Include="src\mgf\mgnode.h">
      <Filter>Header Files</Filter>
    </ClInclude>
    <ClInclude Include="src\models\mgffiletablemodel.h">
      <Filter>Header Files</Filter>
    </ClInclude>
    <ClInclude Include="src\models\mgffiletreemodel.h">
      <Filter>Header Files</Filter>
    </ClInclude>
    <ClInclude Include="src\widgets\mgftextureviewerwidget.h">
      <Filter>Header Files</Filter>
    </ClInclude>
    <ClInclude Include="src\widgets\mgftextviewwidget.h">
      <Filter>Header Files</Filter>
    </ClInclude>
    <ClInclude Include="src\widgets\mgmodelviewerwidget.h">
      <Filter>Header Files</Filter>
    </ClInclude>
    <ClInclude Include="src\models\MGFNodeTreeModel.h">
      <Filter>Header Files</Filter>
    </ClInclude>
    <ClInclude Include="src\models\MGFMaterialTableModel.h">
      <Filter>Header Files</Filter>
    </ClInclude>
    <ClInclude Include="src\models\MGFMeshTableModel.h">
      <Filter>Header Files</Filter>
    </ClInclude>
    <ClInclude Include="src\models\MGFAnimationTableModel.h">
      <Filter>Header Files</Filter>
    </ClInclude>
    <ClInclude Include="src\windows\mainwindow.h">
      <Filter>Header Files</Filter>
    </ClInclude>
    <ClInclude Include="src\windows\listviewtexture.h">
      <Filter>Header Files</Filter>
    </ClInclude>
    <ClInclude Include="src\windows\ogrewindow.h">
      <Filter>Header Files</Filter>
    </ClInclude>
    <ClInclude Include="src\widgets\mgfworkspace.h">
      <Filter>Header Files</Filter>
    </ClInclude>
    <ClInclude Include="src\utils\Context.h">
      <Filter>Header Files</Filter>
    </ClInclude>
    <ClInclude Include="src\utils\Contexts.h">
      <Filter>Header Files</Filter>
    </ClInclude>
    <ClInclude Include="src\utils\configfile.h">
      <Filter>Header Files</Filter>
    </ClInclude>
    <ClInclude Include="src\widgets\mgfresourceviewer.h">
      <Filter>Header Files</Filter>
    </ClInclude>
    <ClInclude Include="src\utils\events\IEventListener.h">
      <Filter>Header Files</Filter>
    </ClInclude>
    <ClInclude Include="src\utils\events\EventDispatcher.h">
      <Filter>Header Files</Filter>
    </ClInclude>
    <ClInclude Include="src\utils\events\EventData.h">
      <Filter>Header Files</Filter>
    </ClInclude>
    <ClInclude Include="src\utils\events\EventSelectedItemChanged.h">
      <Filter>Header Files</Filter>
    </ClInclude>
    <ClInclude Include="src\utils\states\State.h">
      <Filter>Header Files</Filter>
    </ClInclude>
    <ClInclude Include="src\utils\states\StateGroup.h">
      <Filter>Header Files</Filter>
    </ClInclude>
    <ClInclude Include="src\FileExtractor\States\IdleState.h">
      <Filter>Header Files</Filter>
    </ClInclude>
    <ClInclude Include="src\FileExtractor\States\ProgressState.h">
      <Filter>Header Files</Filter>
    </ClInclude>
    <ClInclude Include="src\FileExtractor\States\FinishedState.h">
      <Filter>Header Files</Filter>
    </ClInclude>
    <ClInclude Include="src\FileExtractor\Models\FileExtractListModel.h">
      <Filter>Header Files</Filter>
    </ClInclude>
    <ClInclude Include="src\FileExtractor\States\FileExtractorStateGroup.h">
      <Filter>Header Files</Filter>
    </ClInclude>
    <ClInclude Include="src\FileExtractor\Extractor.h">
      <Filter>Header Files</Filter>
    </ClInclude>
    <ClInclude Include="src\FileExtractor\FileExtractorDialog.h">
      <Filter>Header Files</Filter>
    </ClInclude>
    <ClInclude Include="src\FileExtractor\Models\FileExtractItem.h">
      <Filter>Header Files</Filter>
    </ClInclude>
    <ClInclude Include="src\FileExtractor\States\FileExtractorStateBase.h">
      <Filter>Header Files</Filter>
    </ClInclude>
    <ClInclude Include="src\moc\moc_predefs.h">
      <Filter>Header Files</Filter>
    </ClInclude>
    <ClInclude Include="src\uic\ui_FileExtractorDialog.h">
      <Filter>Header Files</Filter>
    </ClInclude>
    <ClInclude Include="src\uic\ui_listviewtexture.h">
      <Filter>Header Files</Filter>
    </ClInclude>
    <ClInclude Include="src\uic\ui_mainwindow.h">
      <Filter>Header Files</Filter>
    </ClInclude>
    <ClInclude Include="src\uic\ui_mgftextureviewerwidget.h">
      <Filter>Header Files</Filter>
    </ClInclude>
    <ClInclude Include="src\uic\ui_mgftextviewwidget.h">
      <Filter>Header Files</Filter>
    </ClInclude>
    <ClInclude Include="src\uic\ui_mgfworkspace.h">
      <Filter>Header Files</Filter>
    </ClInclude>
    <ClInclude Include="src\uic\ui_mgmodelviewerwidget.h">
      <Filter>Header Files</Filter>
    </ClInclude>
    <ClInclude Include="src\uic\ui_windowfiletable.h">
      <Filter>Header Files</Filter>
    </ClInclude>
    <ClInclude Include="vendor\pugixml-1.10\src\pugixml.hpp">
      <Filter>Header Files</Filter>
    </ClInclude>
  </ItemGroup>
  <ItemGroup>
    <ClCompile Include="src\main.cpp">
      <Filter>Source Files</Filter>
    </ClCompile>
    <ClCompile Include="src\mgfresourcemanager.cpp">
      <Filter>Source Files</Filter>
    </ClCompile>
    <ClCompile Include="src\mgf\mgfarchive.cpp">
      <Filter>Source Files</Filter>
    </ClCompile>
    <ClCompile Include="src\mgf\mgftreeitem.cpp">
      <Filter>Source Files</Filter>
    </ClCompile>
    <ClCompile Include="src\mgf\mgmaterialfactory.cpp">
      <Filter>Source Files</Filter>
    </ClCompile>
    <ClCompile Include="src\mgf\mgmeshfactory.cpp">
      <Filter>Source Files</Filter>
    </ClCompile>
    <ClCompile Include="src\mgf\mgnode.cpp">
      <Filter>Source Files</Filter>
    </ClCompile>
    <ClCompile Include="src\mgf\mgtexture.cpp">
      <Filter>Source Files</Filter>
    </ClCompile>
    <ClCompile Include="src\models\mgffiletablemodel.cpp">
      <Filter>Source Files</Filter>
    </ClCompile>
    <ClCompile Include="src\models\mgffiletreemodel.cpp">
      <Filter>Source Files</Filter>
    </ClCompile>
    <ClCompile Include="src\widgets\mgftextureviewerwidget.cpp">
      <Filter>Source Files</Filter>
    </ClCompile>
    <ClCompile Include="src\widgets\mgftextviewwidget.cpp">
      <Filter>Source Files</Filter>
    </ClCompile>
    <ClCompile Include="src\widgets\mgmodelviewerwidget.cpp">
      <Filter>Source Files</Filter>
    </ClCompile>
    <ClCompile Include="src\models\MGFNodeTreeModel.cpp">
      <Filter>Source Files</Filter>
    </ClCompile>
    <ClCompile Include="src\models\MGFMaterialTableModel.cpp">
      <Filter>Source Files</Filter>
    </ClCompile>
    <ClCompile Include="src\models\MGFMeshTableModel.cpp">
      <Filter>Source Files</Filter>
    </ClCompile>
    <ClCompile Include="src\models\MGFAnimationTableModel.cpp">
      <Filter>Source Files</Filter>
    </ClCompile>
    <ClCompile Include="src\windows\mainwindow.cpp">
      <Filter>Source Files</Filter>
    </ClCompile>
    <ClCompile Include="src\windows\listviewtexture.cpp">
      <Filter>Source Files</Filter>
    </ClCompile>
    <ClCompile Include="src\windows\ogrewindow.cpp">
      <Filter>Source Files</Filter>
    </ClCompile>
    <ClCompile Include="src\widgets\mgfworkspace.cpp">
      <Filter>Source Files</Filter>
    </ClCompile>
    <ClCompile Include="src\utils\Context.cpp">
      <Filter>Source Files</Filter>
    </ClCompile>
    <ClCompile Include="src\utils\Contexts.cpp">
      <Filter>Source Files</Filter>
    </ClCompile>
    <ClCompile Include="src\utils\configfile.cpp">
      <Filter>Source Files</Filter>
    </ClCompile>
    <ClCompile Include="src\widgets\mgfresourceviewer.cpp">
      <Filter>Source Files</Filter>
    </ClCompile>
    <ClCompile Include="src\utils\events\EventDispatcher.cpp">
      <Filter>Source Files</Filter>
    </ClCompile>
    <ClCompile Include="src\utils\states\State.cpp">
      <Filter>Source Files</Filter>
    </ClCompile>
    <ClCompile Include="src\utils\states\StateGroup.cpp">
      <Filter>Source Files</Filter>
    </ClCompile>
    <ClCompile Include="src\FileExtractor\Models\FileExtractListModel.cpp">
      <Filter>Source Files</Filter>
    </ClCompile>
    <ClCompile Include="src\FileExtractor\States\IdleState.cpp">
      <Filter>Source Files</Filter>
    </ClCompile>
    <ClCompile Include="src\FileExtractor\States\FileExtractorStateGroup.cpp">
      <Filter>Source Files</Filter>
    </ClCompile>
    <ClCompile Include="src\FileExtractor\States\ProgressState.cpp">
      <Filter>Source Files</Filter>
    </ClCompile>
    <ClCompile Include="src\FileExtractor\States\FinishedState.cpp">
      <Filter>Source Files</Filter>
    </ClCompile>
    <ClCompile Include="src\FileExtractor\Extractor.cpp">
      <Filter>Source Files</Filter>
    </ClCompile>
    <ClCompile Include="src\FileExtractor\FileExtractorDialog.cpp">
      <Filter>Source Files</Filter>
    </ClCompile>
    <ClCompile Include="src\moc\moc_FileExtractorDialog.cpp">
      <Filter>Source Files</Filter>
    </ClCompile>
    <ClCompile Include="src\moc\moc_listviewtexture.cpp">
      <Filter>Source Files</Filter>
    </ClCompile>
    <ClCompile Include="src\moc\moc_mainwindow.cpp">
      <Filter>Source Files</Filter>
    </ClCompile>
    <ClCompile Include="src\moc\moc_mgftextureviewerwidget.cpp">
      <Filter>Source Files</Filter>
    </ClCompile>
    <ClCompile Include="src\moc\moc_mgftextviewwidget.cpp">
      <Filter>Source Files</Filter>
    </ClCompile>
    <ClCompile Include="src\moc\moc_mgfworkspace.cpp">
      <Filter>Source Files</Filter>
    </ClCompile>
    <ClCompile Include="src\moc\moc_mgmodelviewerwidget.cpp">
      <Filter>Source Files</Filter>
    </ClCompile>
    <ClCompile Include="src\moc\moc_ogrewindow.cpp">
      <Filter>Source Files</Filter>
    </ClCompile>
    <ClCompile Include="vendor\pugixml-1.10\src\pugixml.cpp">
      <Filter>Source Files</Filter>
    </ClCompile>
  </ItemGroup>
  <ItemGroup>
    <None Include="src\widgets\mgmodelviewerwidget.ui" />
    <None Include="src\widgets\mgfworkspace.ui" />
    <None Include="src\widgets\mgftextviewwidget.ui" />
    <None Include="src\widgets\mgftextureviewerwidget.ui" />
    <None Include="src\windows\listviewtexture.ui" />
    <None Include="src\windows\mainwindow.ui" />
    <None Include="src\FileExtractor\FileExtractorDialog.ui" />
  </ItemGroup>
</Project>