<?xml version="1.0" encoding="utf-8"?>
<Project ToolsVersion="4.0" xmlns="http://schemas.microsoft.com/developer/msbuild/2003">
  <ItemGroup>
    <Filter Include="Source Files">
      <UniqueIdentifier>{4FC737F1-C7A5-4376-A066-2A32D752A2FF}</UniqueIdentifier>
      <Extensions>cpp;c;cc;cxx;c++;cppm;ixx;def;odl;idl;hpj;bat;asm;asmx</Extensions>
    </Filter>
    <Filter Include="Header Files">
      <UniqueIdentifier>{93995380-89BD-4b04-88EB-625FBE52EBFB}</UniqueIdentifier>
      <Extensions>h;hh;hpp;hxx;h++;hm;inl;inc;ipp;xsd</Extensions>
    </Filter>
    <Filter Include="Resource Files">
      <UniqueIdentifier>{67DA6AB6-F800-4c08-8B7A-83BB121AAD01}</UniqueIdentifier>
      <Extensions>rc;ico;cur;bmp;dlg;rc2;rct;bin;rgs;gif;jpg;jpeg;jpe;resx;tiff;tif;png;wav;mfcribbon-ms</Extensions>
    </Filter>
  </ItemGroup>
  <ItemGroup>
    <ClCompile Include="src\AssetViewers\PlainTextViewer\moc_PlainTextViewerWidget.cpp">
      <Filter>Source Files</Filter>
    </ClCompile>
    <ClCompile Include="src\AssetViewers\PlainTextViewer\PlainTextViewerWidget.cpp">
      <Filter>Source Files</Filter>
    </ClCompile>
    <ClCompile Include="src\AssetViewers\StringTableViewer\Models\StringTableModel.cpp">
      <Filter>Source Files</Filter>
    </ClCompile>
    <ClCompile Include="src\AssetViewers\StringTableViewer\moc_StringTableViewerWidget.cpp">
      <Filter>Source Files</Filter>
    </ClCompile>
    <ClCompile Include="src\AssetViewers\StringTableViewer\StringTableViewerWidget.cpp">
      <Filter>Source Files</Filter>
    </ClCompile>
    <ClCompile Include="src\FileExtractorWindow\Models\FileExtractListModel.cpp">
      <Filter>Source Files</Filter>
    </ClCompile>
    <ClCompile Include="src\FileExtractorWindow\States\FileExtractorStateGroup.cpp">
      <Filter>Source Files</Filter>
    </ClCompile>
    <ClCompile Include="src\FileExtractorWindow\States\FinishedState.cpp">
      <Filter>Source Files</Filter>
    </ClCompile>
    <ClCompile Include="src\FileExtractorWindow\States\IdleState.cpp">
      <Filter>Source Files</Filter>
    </ClCompile>
    <ClCompile Include="src\FileExtractorWindow\States\ProgressState.cpp">
      <Filter>Source Files</Filter>
    </ClCompile>
    <ClCompile Include="src\FileExtractorWindow\Extractor.cpp">
      <Filter>Source Files</Filter>
    </ClCompile>
    <ClCompile Include="src\FileExtractorWindow\FileExtractorDialog.cpp">
      <Filter>Source Files</Filter>
    </ClCompile>
    <ClCompile Include="src\FileExtractorWindow\moc_FileExtractorDialog.cpp">
      <Filter>Source Files</Filter>
    </ClCompile>
    <ClCompile Include="src\mgf\Assets\PlainText.cpp">
      <Filter>Source Files</Filter>
    </ClCompile>
    <ClCompile Include="src\mgf\Assets\StringTable.cpp">
      <Filter>Source Files</Filter>
    </ClCompile>
    <ClCompile Include="src\mgf\Archive.cpp">
      <Filter>Source Files</Filter>
    </ClCompile>
    <ClCompile Include="src\mgf\File.cpp">
      <Filter>Source Files</Filter>
    </ClCompile>
    <ClCompile Include="src\ResourceManager\ResourceManager.cpp">
      <Filter>Source Files</Filter>
    </ClCompile>
    <ClCompile Include="src\main.cpp">
      <Filter>Source Files</Filter>
    </ClCompile>
    <ClCompile Include="src\AssetViewers\TextureViewer\TextureViewerWidget.cpp">
      <Filter>Source Files</Filter>
    </ClCompile>
    <ClCompile Include="src\AssetViewers\TextureViewer\moc_TextureViewerWidget.cpp">
      <Filter>Source Files</Filter>
    </ClCompile>
    <ClCompile Include="src\AssetViewers\TextureViewer\Models\TextureDetailsTableModel.cpp">
      <Filter>Source Files</Filter>
    </ClCompile>
    <ClCompile Include="src\mgf\Assets\Texture.cpp">
      <Filter>Source Files</Filter>
    </ClCompile>
    <ClCompile Include="src\ArchiveViewer\ArchiveViewerWidget.cpp">
      <Filter>Source Files</Filter>
    </ClCompile>
    <ClCompile Include="src\ArchiveViewer\Models\ArchiveFileTreeModel.cpp">
      <Filter>Source Files</Filter>
    </ClCompile>
    <ClCompile Include="src\ArchiveViewer\moc_ArchiveViewerWidget.cpp">
      <Filter>Source Files</Filter>
    </ClCompile>
    <ClCompile Include="src\MainWindow\moc_mainwindow.cpp">
      <Filter>Source Files</Filter>
    </ClCompile>
    <ClCompile Include="src\MainWindow\MainWindow.cpp">
      <Filter>Source Files</Filter>
    </ClCompile>
    <ClCompile Include="src\ResourceManager\AssetFactory.cpp">
      <Filter>Source Files</Filter>
    </ClCompile>
    <ClCompile Include="src\mgf\Assets\Factories\MeshFactory.cpp">
      <Filter>Source Files</Filter>
    </ClCompile>
    <ClCompile Include="src\mgf\Assets\Factories\MaterialFactory.cpp">
      <Filter>Source Files</Filter>
    </ClCompile>
    <ClCompile Include="src\MGF\Assets\ModelAsset.cpp">
      <Filter>Source Files</Filter>
    </ClCompile>
    <ClCompile Include="src\AssetViewers\ModelViewer\Models\MaterialTableModel.cpp">
      <Filter>Source Files</Filter>
    </ClCompile>
    <ClCompile Include="src\AssetViewers\ModelViewer\Models\MeshTableModel.cpp">
      <Filter>Source Files</Filter>
    </ClCompile>
    <ClCompile Include="src\AssetViewers\ModelViewer\Models\NodeTreeModel.cpp">
      <Filter>Source Files</Filter>
    </ClCompile>
    <ClCompile Include="src\AssetViewers\ModelViewer\moc_ModelViewerWidget.cpp">
      <Filter>Source Files</Filter>
    </ClCompile>
    <ClCompile Include="src\AssetViewers\ModelViewer\ModelViewerWidget.cpp">
      <Filter>Source Files</Filter>
    </ClCompile>
    <ClCompile Include="vendor\pugixml-1.10\src\pugixml.cpp">
      <Filter>Source Files</Filter>
    </ClCompile>
    <ClCompile Include="src\Utilities\configfile.cpp">
      <Filter>Source Files</Filter>
    </ClCompile>
    <ClCompile Include="src\Utilities\StateMachine\State.cpp">
      <Filter>Source Files</Filter>
    </ClCompile>
    <ClCompile Include="src\Utilities\StateMachine\StateGroup.cpp">
      <Filter>Source Files</Filter>
    </ClCompile>
    <ClCompile Include="src\Utilities\ContextProvider\Context.cpp">
      <Filter>Source Files</Filter>
    </ClCompile>
    <ClCompile Include="src\AssetViewers\ModelViewer\Models\AnimationTableModel.cpp">
      <Filter>Source Files</Filter>
    </ClCompile>
    <ClCompile Include="src\Utilities\ContextProvider\ServiceProvider.cpp">
      <Filter>Source Files</Filter>
    </ClCompile>
    <ClCompile Include="src\ArchiveViewer\ContextMenus\FileMenu.cpp">
      <Filter>Source Files</Filter>
    </ClCompile>
    <ClCompile Include="vendor\s3tc\s3tc.cpp">
      <Filter>Source Files</Filter>
    </ClCompile>
    <ClCompile Include="src\MGF\Factories\ImageFactory.cpp">
      <Filter>Source Files</Filter>
    </ClCompile>
    <ClCompile Include="src\OgreWindow\moc_ogrewindow.cpp">
      <Filter>Source Files</Filter>
    </ClCompile>
    <ClCompile Include="src\OgreWindow\ogrewindow.cpp">
      <Filter>Source Files</Filter>
    </ClCompile>
    <ClCompile Include="src\AssetViewers\EntityViewer\EntityViewerWidget.cpp">
      <Filter>Source Files</Filter>
    </ClCompile>
    <ClCompile Include="src\AssetViewers\EntityViewer\moc_EntityViewerWidget.cpp">
      <Filter>Source Files</Filter>
    </ClCompile>
    <ClCompile Include="src\MGF\Assets\EntityAsset.cpp">
      <Filter>Source Files</Filter>
    </ClCompile>
    <ClCompile Include="src\AssetViewers\EntityViewer\Models\EntityTreeModel.cpp">
      <Filter>Source Files</Filter>
    </ClCompile>
    <ClCompile Include="src\AssetViewers\EntityViewer\Models\AttributeTableModel.cpp">
      <Filter>Source Files</Filter>
    </ClCompile>
    <ClCompile Include="src\AssetExtractors\TextureExtractor\TextureExtractor.cpp">
      <Filter>Source Files</Filter>
    </ClCompile>
    <ClCompile Include="src\ArchiveViewer\ContextMenus\TextureFileMenu.cpp">
      <Filter>Source Files</Filter>
    </ClCompile>
  </ItemGroup>
  <ItemGroup>
    <ClInclude Include="src\AssetViewers\PlainTextViewer\PlainTextViewerWidget.h">
      <Filter>Header Files</Filter>
    </ClInclude>
    <ClInclude Include="src\AssetViewers\PlainTextViewer\ui_PlainTextViewerWidget.h">
      <Filter>Header Files</Filter>
    </ClInclude>
    <ClInclude Include="src\AssetViewers\StringTableViewer\Models\StringTableModel.h">
      <Filter>Header Files</Filter>
    </ClInclude>
    <ClInclude Include="src\AssetViewers\StringTableViewer\StringTableViewerWidget.h">
      <Filter>Header Files</Filter>
    </ClInclude>
    <ClInclude Include="src\AssetViewers\StringTableViewer\ui_StringTableViewerWidget.h">
      <Filter>Header Files</Filter>
    </ClInclude>
    <ClInclude Include="src\FileExtractorWindow\Models\FileExtractItem.h">
      <Filter>Header Files</Filter>
    </ClInclude>
    <ClInclude Include="src\FileExtractorWindow\Models\FileExtractListModel.h">
      <Filter>Header Files</Filter>
    </ClInclude>
    <ClInclude Include="src\FileExtractorWindow\States\FileExtractorStateBase.h">
      <Filter>Header Files</Filter>
    </ClInclude>
    <ClInclude Include="src\FileExtractorWindow\States\FileExtractorStateGroup.h">
      <Filter>Header Files</Filter>
    </ClInclude>
    <ClInclude Include="src\FileExtractorWindow\States\FinishedState.h">
      <Filter>Header Files</Filter>
    </ClInclude>
    <ClInclude Include="src\FileExtractorWindow\States\IdleState.h">
      <Filter>Header Files</Filter>
    </ClInclude>
    <ClInclude Include="src\FileExtractorWindow\States\ProgressState.h">
      <Filter>Header Files</Filter>
    </ClInclude>
    <ClInclude Include="src\FileExtractorWindow\Extractor.h">
      <Filter>Header Files</Filter>
    </ClInclude>
    <ClInclude Include="src\FileExtractorWindow\FileExtractorDialog.h">
      <Filter>Header Files</Filter>
    </ClInclude>
    <ClInclude Include="src\FileExtractorWindow\ui_FileExtractorDialog.h">
      <Filter>Header Files</Filter>
    </ClInclude>
    <ClInclude Include="src\mgf\Assets\PlainText.h">
      <Filter>Header Files</Filter>
    </ClInclude>
    <ClInclude Include="src\mgf\Assets\StringTable.h">
      <Filter>Header Files</Filter>
    </ClInclude>
    <ClInclude Include="src\mgf\Archive.h">
      <Filter>Header Files</Filter>
    </ClInclude>
    <ClInclude Include="src\mgf\File.h">
      <Filter>Header Files</Filter>
    </ClInclude>
    <ClInclude Include="src\ResourceManager\ResourceManager.h">
      <Filter>Header Files</Filter>
    </ClInclude>
    <ClInclude Include="src\AssetViewers\TextureViewer\TextureViewerWidget.h">
      <Filter>Header Files</Filter>
    </ClInclude>
    <ClInclude Include="src\AssetViewers\TextureViewer\Models\TextureDetailsTableModel.h">
      <Filter>Header Files</Filter>
    </ClInclude>
    <ClInclude Include="src\mgf\Assets\Texture.h">
      <Filter>Header Files</Filter>
    </ClInclude>
    <ClInclude Include="src\mgf\VersionConstants.h">
      <Filter>Header Files</Filter>
    </ClInclude>
    <ClInclude Include="src\mgf\Assets\AssetBase.h">
      <Filter>Header Files</Filter>
    </ClInclude>
    <ClInclude Include="src\ArchiveViewer\ArchiveViewerWidget.h">
      <Filter>Header Files</Filter>
    </ClInclude>
    <ClInclude Include="src\ArchiveViewer\Models\ArchiveFileTreeModel.h">
      <Filter>Header Files</Filter>
    </ClInclude>
    <ClInclude Include="src\MGF\Assets\EAssetTypes.h">
      <Filter>Header Files</Filter>
    </ClInclude>
    <ClInclude Include="src\MGF\Structures\Common.h">
      <Filter>Header Files</Filter>
    </ClInclude>
    <ClInclude Include="src\MGF\Structures\Tif.h">
      <Filter>Header Files</Filter>
    </ClInclude>
    <ClInclude Include="src\MGF\Structures\MgText.h">
      <Filter>Header Files</Filter>
    </ClInclude>
    <ClInclude Include="src\MGF\Structures\mgf.h">
      <Filter>Header Files</Filter>
    </ClInclude>
    <ClInclude Include="src\ArchiveViewer\ui_ArchiveViewerWidget.h">
      <Filter>Header Files</Filter>
    </ClInclude>
    <ClInclude Include="src\AssetViewers\TextureViewer\ui_TextureViewerWidget.h">
      <Filter>Header Files</Filter>
    </ClInclude>
    <ClInclude Include="src\MainWindow\ui_mainwindow.h">
      <Filter>Header Files</Filter>
    </ClInclude>
    <ClInclude Include="src\MainWindow\MainWindow.h">
      <Filter>Header Files</Filter>
    </ClInclude>
    <ClInclude Include="src\ResourceManager\AssetFactory.h">
      <Filter>Header Files</Filter>
    </ClInclude>
    <ClInclude Include="src\mgf\Assets\Factories\MeshFactory.h">
      <Filter>Header Files</Filter>
    </ClInclude>
    <ClInclude Include="src\mgf\Assets\Factories\MaterialFactory.h">
      <Filter>Header Files</Filter>
    </ClInclude>
    <ClInclude Include="src\mgf\Assets\Model\Animation.h">
      <Filter>Header Files</Filter>
    </ClInclude>
    <ClInclude Include="src\mgf\Assets\Model\Material.h">
      <Filter>Header Files</Filter>
    </ClInclude>
    <ClInclude Include="src\mgf\Assets\Model\Mesh.h">
      <Filter>Header Files</Filter>
    </ClInclude>
    <ClInclude Include="src\mgf\Assets\Model\Node.h">
      <Filter>Header Files</Filter>
    </ClInclude>
    <ClInclude Include="src\MGF\Assets\ModelAsset.h">
      <Filter>Header Files</Filter>
    </ClInclude>
    <ClInclude Include="src\mgf\Assets\AssetMappings.h">
      <Filter>Header Files</Filter>
    </ClInclude>
    <ClInclude Include="src\MGF\EFileTypes.h">
      <Filter>Header Files</Filter>
    </ClInclude>
    <ClInclude Include="src\AssetViewers\ModelViewer\Models\MaterialTableModel.h">
      <Filter>Header Files</Filter>
    </ClInclude>
    <ClInclude Include="src\AssetViewers\ModelViewer\Models\MeshTableModel.h">
      <Filter>Header Files</Filter>
    </ClInclude>
    <ClInclude Include="src\AssetViewers\ModelViewer\Models\NodeTreeModel.h">
      <Filter>Header Files</Filter>
    </ClInclude>
    <ClInclude Include="src\AssetViewers\ModelViewer\ModelViewerWidget.h">
      <Filter>Header Files</Filter>
    </ClInclude>
    <ClInclude Include="vendor\pugixml-1.10\src\pugixml.hpp">
      <Filter>Header Files</Filter>
    </ClInclude>
    <ClInclude Include="src\Utilities\configfile.h">
      <Filter>Header Files</Filter>
    </ClInclude>
    <ClInclude Include="src\Utilities\StateMachine\State.h">
      <Filter>Header Files</Filter>
    </ClInclude>
    <ClInclude Include="src\Utilities\StateMachine\StateGroup.h">
      <Filter>Header Files</Filter>
    </ClInclude>
    <ClInclude Include="src\Utilities\ContextProvider\Context.h">
      <Filter>Header Files</Filter>
    </ClInclude>
    <ClInclude Include="src\AssetViewers\ModelViewer\Models\AnimationTableModel.h">
      <Filter>Header Files</Filter>
    </ClInclude>
    <ClInclude Include="src\AssetViewers\ModelViewer\ui_ModelViewerWidget.h">
      <Filter>Header Files</Filter>
    </ClInclude>
    <ClInclude Include="src\Utilities\ContextProvider\ServiceProvider.h">
      <Filter>Header Files</Filter>
    </ClInclude>
    <ClInclude Include="src\ArchiveViewer\ContextMenus\FileMenu.h">
      <Filter>Header Files</Filter>
    </ClInclude>
    <ClInclude Include="src\ArchiveViewer\ContextMenus\TextureFileMenu.h">
      <Filter>Header Files</Filter>
    </ClInclude>
    <ClInclude Include="vendor\s3tc\s3tc.h">
      <Filter>Header Files</Filter>
    </ClInclude>
    <ClInclude Include="src\MGF\Factories\ImageFactory.h">
      <Filter>Header Files</Filter>
    </ClInclude>
    <ClInclude Include="vendor\stb\stb_image_write.h">
      <Filter>Header Files</Filter>
    </ClInclude>
    <ClInclude Include="src\OgreWindow\ogrewindow.h">
      <Filter>Header Files</Filter>
    </ClInclude>
    <ClInclude Include="src\AssetViewers\EntityViewer\EntityViewerWidget.h">
      <Filter>Header Files</Filter>
    </ClInclude>
    <ClInclude Include="src\AssetViewers\EntityViewer\ui_EntityViewerWidget.h">
      <Filter>Header Files</Filter>
    </ClInclude>
    <ClInclude Include="src\AssetViewers\IAssetViewerWidget.h">
      <Filter>Header Files</Filter>
    </ClInclude>
    <ClInclude Include="src\MGF\Assets\EntityAsset.h">
      <Filter>Header Files</Filter>
    </ClInclude>
    <ClInclude Include="src\MGF\Structures\wdf.h">
      <Filter>Header Files</Filter>
    </ClInclude>
    <ClInclude Include="src\MGF\Assets\Factories\EntityNames.h">
      <Filter>Header Files</Filter>
    </ClInclude>
    <ClInclude Include="src\AssetViewers\EntityViewer\Models\EntityTreeModel.h">
      <Filter>Header Files</Filter>
    </ClInclude>
    <ClInclude Include="src\AssetViewers\EntityViewer\Models\AttributeTableModel.h">
      <Filter>Header Files</Filter>
    </ClInclude>
    <ClInclude Include="src\MGF\Assets\Factories\AttributeNames.h">
      <Filter>Header Files</Filter>
    </ClInclude>
    <ClInclude Include="src\AssetExtractors\IAssetExtractor.h">
      <Filter>Header Files</Filter>
    </ClInclude>
    <ClInclude Include="src\AssetExtractors\TextureExtractor\TextureExtractor.h">
      <Filter>Header Files</Filter>
    </ClInclude>
    <ClInclude Include="resource.h">
      <Filter>Header Files</Filter>
    </ClInclude>
  </ItemGroup>
  <ItemGroup>
    <None Include="src\FileExtractorWindow\FileExtractorDialog.ui" />
    <None Include="src\AssetViewers\TextureViewer\TextureViewerWidget.ui" />
    <None Include="src\AssetViewers\PlainTextViewer\PlainTextViewerWidget.ui" />
    <None Include="src\ArchiveViewer\ArchiveViewerWidget.ui" />
    <None Include="src\AssetViewers\StringTableViewer\StringTableViewerWidget.ui" />
    <None Include="src\MainWindow\MainWindow.ui" />
    <None Include="src\AssetViewers\ModelViewer\ModelViewerWidget.ui" />
    <None Include="src\AssetViewers\EntityViewer\EntityViewerWidget.ui" />
  </ItemGroup>
  <ItemGroup>
    <ResourceCompile Include="MechAssault MGF Explorer.rc">
      <Filter>Resource Files</Filter>
    </ResourceCompile>
  </ItemGroup>
  <ItemGroup>
    <Image Include="res\madcat.ico">
      <Filter>Resource Files</Filter>
    </Image>
  </ItemGroup>
</Project>